
Microsoft Visual Studio Solution File, Format Version 12.00
# Visual Studio Version 17
VisualStudioVersion = 17.4.33122.133
MinimumVisualStudioVersion = 10.0.40219.1
Project("{9A19103F-16F7-4668-BE54-9A1E7A4F7556}") = "AgroExpressAPI", "AgroExpressAPI.csproj", "{C8E625D0-2455-434D-8BF1-CD13D6782999}"
EndProject
Project("{FAE04EC0-301F-11D3-BF4B-00C04F79EFBC}") = "AgroExpressTests", "..\AgroExpressTests\AgroExpressTests.csproj", "{C6D0EC66-5393-4E7E-BD69-9131522104B7}"
EndProject
Global
	GlobalSection(SolutionConfigurationPlatforms) = preSolution
		Debug|Any CPU = Debug|Any CPU
		Release|Any CPU = Release|Any CPU
	EndGlobalSection
	GlobalSection(ProjectConfigurationPlatforms) = postSolution
		{C8E625D0-2455-434D-8BF1-CD13D6782999}.Debug|Any CPU.ActiveCfg = Debug|Any CPU
		{C8E625D0-2455-434D-8BF1-CD13D6782999}.Debug|Any CPU.Build.0 = Debug|Any CPU
		{C8E625D0-2455-434D-8BF1-CD13D6782999}.Release|Any CPU.ActiveCfg = Release|Any CPU
		{C8E625D0-2455-434D-8BF1-CD13D6782999}.Release|Any CPU.Build.0 = Release|Any CPU
		{C6D0EC66-5393-4E7E-BD69-9131522104B7}.Debug|Any CPU.ActiveCfg = Debug|Any CPU
		{C6D0EC66-5393-4E7E-BD69-9131522104B7}.Debug|Any CPU.Build.0 = Debug|Any CPU
		{C6D0EC66-5393-4E7E-BD69-9131522104B7}.Release|Any CPU.ActiveCfg = Release|Any CPU
		{C6D0EC66-5393-4E7E-BD69-9131522104B7}.Release|Any CPU.Build.0 = Release|Any CPU
	EndGlobalSection
	GlobalSection(SolutionProperties) = preSolution
		HideSolutionNode = FALSE
	EndGlobalSection
	GlobalSection(ExtensibilityGlobals) = postSolution
		SolutionGuid = {6D656F4C-3949-4A95-87EC-8D4E5664AE22}
	EndGlobalSection
EndGlobal
